// !$*UTF8*$!
{
	archiveVersion = 1;
	classes = {
	};
	objectVersion = 56;
	objects = {

/* Begin PBXBuildFile section */
		9F0B5E2F2B3242200092B242 /* ContentView.swift in Sources */ = {isa = PBXBuildFile; fileRef = 9F0B5E2E2B3242200092B242 /* ContentView.swift */; };
		9F0B5E312B3242210092B242 /* Assets.xcassets in Resources */ = {isa = PBXBuildFile; fileRef = 9F0B5E302B3242210092B242 /* Assets.xcassets */; };
		9F0B5E352B3242210092B242 /* Preview Assets.xcassets in Resources */ = {isa = PBXBuildFile; fileRef = 9F0B5E342B3242210092B242 /* Preview Assets.xcassets */; };
		9F0B5E3F2B3242210092B242 /* SetCardGameTests.swift in Sources */ = {isa = PBXBuildFile; fileRef = 9F0B5E3E2B3242210092B242 /* SetCardGameTests.swift */; };
		9F0B5E492B3242210092B242 /* SetCardGameUITests.swift in Sources */ = {isa = PBXBuildFile; fileRef = 9F0B5E482B3242210092B242 /* SetCardGameUITests.swift */; };
		9F0B5E4B2B3242210092B242 /* SetCardGameUITestsLaunchTests.swift in Sources */ = {isa = PBXBuildFile; fileRef = 9F0B5E4A2B3242210092B242 /* SetCardGameUITestsLaunchTests.swift */; };
		9F0B5E582B3242920092B242 /* CardGameLogic.swift in Sources */ = {isa = PBXBuildFile; fileRef = 9F0B5E572B3242920092B242 /* CardGameLogic.swift */; };
		9F0B5E5C2B34D87D0092B242 /* SetGameViewModel.swift in Sources */ = {isa = PBXBuildFile; fileRef = 9F0B5E5B2B34D87D0092B242 /* SetGameViewModel.swift */; };
		9F0B5E5E2B34F05B0092B242 /* CardContent.swift in Sources */ = {isa = PBXBuildFile; fileRef = 9F0B5E5D2B34F05B0092B242 /* CardContent.swift */; };
		9F0B5E652B35EE4D0092B242 /* SetCardGameApp.swift in Sources */ = {isa = PBXBuildFile; fileRef = 9F0B5E2C2B3242200092B242 /* SetCardGameApp.swift */; };
		9F0B5E672B35F0D00092B242 /* CardView.swift in Sources */ = {isa = PBXBuildFile; fileRef = 9F0B5E662B35F0D00092B242 /* CardView.swift */; };
		9F0B5E6A2B3621F90092B242 /* DiamondShape.swift in Sources */ = {isa = PBXBuildFile; fileRef = 9F0B5E692B3621F90092B242 /* DiamondShape.swift */; };
		9F0B5E6C2B3627920092B242 /* SquiggleShape.swift in Sources */ = {isa = PBXBuildFile; fileRef = 9F0B5E6B2B3627920092B242 /* SquiggleShape.swift */; };
		9F0B5E6E2B3627D80092B242 /* OvalShape.swift in Sources */ = {isa = PBXBuildFile; fileRef = 9F0B5E6D2B3627D80092B242 /* OvalShape.swift */; };
/* End PBXBuildFile section */

/* Begin PBXContainerItemProxy section */
		9F0B5E3B2B3242210092B242 /* PBXContainerItemProxy */ = {
			isa = PBXContainerItemProxy;
			containerPortal = 9F0B5E212B32421F0092B242 /* Project object */;
			proxyType = 1;
			remoteGlobalIDString = 9F0B5E282B3242200092B242;
			remoteInfo = SetCardGame;
		};
		9F0B5E452B3242210092B242 /* PBXContainerItemProxy */ = {
			isa = PBXContainerItemProxy;
			containerPortal = 9F0B5E212B32421F0092B242 /* Project object */;
			proxyType = 1;
			remoteGlobalIDString = 9F0B5E282B3242200092B242;
			remoteInfo = SetCardGame;
		};
/* End PBXContainerItemProxy section */

/* Begin PBXFileReference section */
		9F0B5E292B3242200092B242 /* SetCardGame.app */ = {isa = PBXFileReference; explicitFileType = wrapper.application; includeInIndex = 0; path = SetCardGame.app; sourceTree = BUILT_PRODUCTS_DIR; };
		9F0B5E2C2B3242200092B242 /* SetCardGameApp.swift */ = {isa = PBXFileReference; lastKnownFileType = sourcecode.swift; path = SetCardGameApp.swift; sourceTree = "<group>"; };
		9F0B5E2E2B3242200092B242 /* ContentView.swift */ = {isa = PBXFileReference; lastKnownFileType = sourcecode.swift; path = ContentView.swift; sourceTree = "<group>"; };
		9F0B5E302B3242210092B242 /* Assets.xcassets */ = {isa = PBXFileReference; lastKnownFileType = folder.assetcatalog; path = Assets.xcassets; sourceTree = "<group>"; };
		9F0B5E322B3242210092B242 /* SetCardGame.entitlements */ = {isa = PBXFileReference; lastKnownFileType = text.plist.entitlements; path = SetCardGame.entitlements; sourceTree = "<group>"; };
		9F0B5E342B3242210092B242 /* Preview Assets.xcassets */ = {isa = PBXFileReference; lastKnownFileType = folder.assetcatalog; path = "Preview Assets.xcassets"; sourceTree = "<group>"; };
		9F0B5E3A2B3242210092B242 /* SetCardGameTests.xctest */ = {isa = PBXFileReference; explicitFileType = wrapper.cfbundle; includeInIndex = 0; path = SetCardGameTests.xctest; sourceTree = BUILT_PRODUCTS_DIR; };
		9F0B5E3E2B3242210092B242 /* SetCardGameTests.swift */ = {isa = PBXFileReference; lastKnownFileType = sourcecode.swift; path = SetCardGameTests.swift; sourceTree = "<group>"; };
		9F0B5E442B3242210092B242 /* SetCardGameUITests.xctest */ = {isa = PBXFileReference; explicitFileType = wrapper.cfbundle; includeInIndex = 0; path = SetCardGameUITests.xctest; sourceTree = BUILT_PRODUCTS_DIR; };
		9F0B5E482B3242210092B242 /* SetCardGameUITests.swift */ = {isa = PBXFileReference; lastKnownFileType = sourcecode.swift; path = SetCardGameUITests.swift; sourceTree = "<group>"; };
		9F0B5E4A2B3242210092B242 /* SetCardGameUITestsLaunchTests.swift */ = {isa = PBXFileReference; lastKnownFileType = sourcecode.swift; path = SetCardGameUITestsLaunchTests.swift; sourceTree = "<group>"; };
		9F0B5E572B3242920092B242 /* CardGameLogic.swift */ = {isa = PBXFileReference; lastKnownFileType = sourcecode.swift; path = CardGameLogic.swift; sourceTree = "<group>"; };
		9F0B5E5B2B34D87D0092B242 /* SetGameViewModel.swift */ = {isa = PBXFileReference; lastKnownFileType = sourcecode.swift; path = SetGameViewModel.swift; sourceTree = "<group>"; };
		9F0B5E5D2B34F05B0092B242 /* CardContent.swift */ = {isa = PBXFileReference; lastKnownFileType = sourcecode.swift; path = CardContent.swift; sourceTree = "<group>"; };
		9F0B5E662B35F0D00092B242 /* CardView.swift */ = {isa = PBXFileReference; lastKnownFileType = sourcecode.swift; path = CardView.swift; sourceTree = "<group>"; };
		9F0B5E692B3621F90092B242 /* DiamondShape.swift */ = {isa = PBXFileReference; lastKnownFileType = sourcecode.swift; path = DiamondShape.swift; sourceTree = "<group>"; };
		9F0B5E6B2B3627920092B242 /* SquiggleShape.swift */ = {isa = PBXFileReference; lastKnownFileType = sourcecode.swift; path = SquiggleShape.swift; sourceTree = "<group>"; };
		9F0B5E6D2B3627D80092B242 /* OvalShape.swift */ = {isa = PBXFileReference; lastKnownFileType = sourcecode.swift; path = OvalShape.swift; sourceTree = "<group>"; };
/* End PBXFileReference section */

/* Begin PBXFrameworksBuildPhase section */
		9F0B5E262B3242200092B242 /* Frameworks */ = {
			isa = PBXFrameworksBuildPhase;
			buildActionMask = 2147483647;
			files = (
			);
			runOnlyForDeploymentPostprocessing = 0;
		};
		9F0B5E372B3242210092B242 /* Frameworks */ = {
			isa = PBXFrameworksBuildPhase;
			buildActionMask = 2147483647;
			files = (
			);
			runOnlyForDeploymentPostprocessing = 0;
		};
		9F0B5E412B3242210092B242 /* Frameworks */ = {
			isa = PBXFrameworksBuildPhase;
			buildActionMask = 2147483647;
			files = (
			);
			runOnlyForDeploymentPostprocessing = 0;
		};
/* End PBXFrameworksBuildPhase section */

/* Begin PBXGroup section */
		9F0B5E202B32421F0092B242 = {
			isa = PBXGroup;
			children = (
				9F0B5E2C2B3242200092B242 /* SetCardGameApp.swift */,
				9F0B5E622B35ED7F0092B242 /* Views */,
				9F0B5E602B35ED6A0092B242 /* ViewModels */,
				9F0B5E5F2B35ED5F0092B242 /* Models */,
				9F0B5E2B2B3242200092B242 /* SetCardGame */,
				9F0B5E3D2B3242210092B242 /* SetCardGameTests */,
				9F0B5E472B3242210092B242 /* SetCardGameUITests */,
				9F0B5E2A2B3242200092B242 /* Products */,
			);
			sourceTree = "<group>";
		};
		9F0B5E2A2B3242200092B242 /* Products */ = {
			isa = PBXGroup;
			children = (
				9F0B5E292B3242200092B242 /* SetCardGame.app */,
				9F0B5E3A2B3242210092B242 /* SetCardGameTests.xctest */,
				9F0B5E442B3242210092B242 /* SetCardGameUITests.xctest */,
			);
			name = Products;
			sourceTree = "<group>";
		};
		9F0B5E2B2B3242200092B242 /* SetCardGame */ = {
			isa = PBXGroup;
			children = (
				9F0B5E302B3242210092B242 /* Assets.xcassets */,
				9F0B5E322B3242210092B242 /* SetCardGame.entitlements */,
				9F0B5E332B3242210092B242 /* Preview Content */,
			);
			path = SetCardGame;
			sourceTree = "<group>";
		};
		9F0B5E332B3242210092B242 /* Preview Content */ = {
			isa = PBXGroup;
			children = (
				9F0B5E342B3242210092B242 /* Preview Assets.xcassets */,
			);
			path = "Preview Content";
			sourceTree = "<group>";
		};
		9F0B5E3D2B3242210092B242 /* SetCardGameTests */ = {
			isa = PBXGroup;
			children = (
				9F0B5E3E2B3242210092B242 /* SetCardGameTests.swift */,
			);
			path = SetCardGameTests;
			sourceTree = "<group>";
		};
		9F0B5E472B3242210092B242 /* SetCardGameUITests */ = {
			isa = PBXGroup;
			children = (
				9F0B5E482B3242210092B242 /* SetCardGameUITests.swift */,
				9F0B5E4A2B3242210092B242 /* SetCardGameUITestsLaunchTests.swift */,
			);
			path = SetCardGameUITests;
			sourceTree = "<group>";
		};
		9F0B5E5F2B35ED5F0092B242 /* Models */ = {
			isa = PBXGroup;
			children = (
				9F0B5E572B3242920092B242 /* CardGameLogic.swift */,
				9F0B5E5D2B34F05B0092B242 /* CardContent.swift */,
			);
			path = Models;
			sourceTree = "<group>";
		};
		9F0B5E602B35ED6A0092B242 /* ViewModels */ = {
			isa = PBXGroup;
			children = (
				9F0B5E5B2B34D87D0092B242 /* SetGameViewModel.swift */,
			);
			path = ViewModels;
			sourceTree = "<group>";
		};
		9F0B5E622B35ED7F0092B242 /* Views */ = {
			isa = PBXGroup;
			children = (
				9F0B5E682B3621E00092B242 /* Shapes */,
				9F0B5E2E2B3242200092B242 /* ContentView.swift */,
				9F0B5E662B35F0D00092B242 /* CardView.swift */,
			);
			path = Views;
			sourceTree = "<group>";
		};
		9F0B5E682B3621E00092B242 /* Shapes */ = {
			isa = PBXGroup;
			children = (
				9F0B5E692B3621F90092B242 /* DiamondShape.swift */,
				9F0B5E6B2B3627920092B242 /* SquiggleShape.swift */,
				9F0B5E6D2B3627D80092B242 /* OvalShape.swift */,
			);
			path = Shapes;
			sourceTree = "<group>";
		};
/* End PBXGroup section */

/* Begin PBXNativeTarget section */
		9F0B5E282B3242200092B242 /* SetCardGame */ = {
			isa = PBXNativeTarget;
			buildConfigurationList = 9F0B5E4E2B3242210092B242 /* Build configuration list for PBXNativeTarget "SetCardGame" */;
			buildPhases = (
				9F0B5E252B3242200092B242 /* Sources */,
				9F0B5E262B3242200092B242 /* Frameworks */,
				9F0B5E272B3242200092B242 /* Resources */,
			);
			buildRules = (
			);
			dependencies = (
			);
			name = SetCardGame;
			productName = SetCardGame;
			productReference = 9F0B5E292B3242200092B242 /* SetCardGame.app */;
			productType = "com.apple.product-type.application";
		};
		9F0B5E392B3242210092B242 /* SetCardGameTests */ = {
			isa = PBXNativeTarget;
			buildConfigurationList = 9F0B5E512B3242210092B242 /* Build configuration list for PBXNativeTarget "SetCardGameTests" */;
			buildPhases = (
				9F0B5E362B3242210092B242 /* Sources */,
				9F0B5E372B3242210092B242 /* Frameworks */,
				9F0B5E382B3242210092B242 /* Resources */,
			);
			buildRules = (
			);
			dependencies = (
				9F0B5E3C2B3242210092B242 /* PBXTargetDependency */,
			);
			name = SetCardGameTests;
			productName = SetCardGameTests;
			productReference = 9F0B5E3A2B3242210092B242 /* SetCardGameTests.xctest */;
			productType = "com.apple.product-type.bundle.unit-test";
		};
		9F0B5E432B3242210092B242 /* SetCardGameUITests */ = {
			isa = PBXNativeTarget;
			buildConfigurationList = 9F0B5E542B3242210092B242 /* Build configuration list for PBXNativeTarget "SetCardGameUITests" */;
			buildPhases = (
				9F0B5E402B3242210092B242 /* Sources */,
				9F0B5E412B3242210092B242 /* Frameworks */,
				9F0B5E422B3242210092B242 /* Resources */,
			);
			buildRules = (
			);
			dependencies = (
				9F0B5E462B3242210092B242 /* PBXTargetDependency */,
			);
			name = SetCardGameUITests;
			productName = SetCardGameUITests;
			productReference = 9F0B5E442B3242210092B242 /* SetCardGameUITests.xctest */;
			productType = "com.apple.product-type.bundle.ui-testing";
		};
/* End PBXNativeTarget section */

/* Begin PBXProject section */
		9F0B5E212B32421F0092B242 /* Project object */ = {
			isa = PBXProject;
			attributes = {
				BuildIndependentTargetsInParallel = 1;
				LastSwiftUpdateCheck = 1500;
				LastUpgradeCheck = 1500;
				TargetAttributes = {
					9F0B5E282B3242200092B242 = {
						CreatedOnToolsVersion = 15.0.1;
					};
					9F0B5E392B3242210092B242 = {
						CreatedOnToolsVersion = 15.0.1;
						TestTargetID = 9F0B5E282B3242200092B242;
					};
					9F0B5E432B3242210092B242 = {
						CreatedOnToolsVersion = 15.0.1;
						TestTargetID = 9F0B5E282B3242200092B242;
					};
				};
			};
			buildConfigurationList = 9F0B5E242B32421F0092B242 /* Build configuration list for PBXProject "SetCardGame" */;
			compatibilityVersion = "Xcode 14.0";
			developmentRegion = en;
			hasScannedForEncodings = 0;
			knownRegions = (
				en,
				Base,
			);
			mainGroup = 9F0B5E202B32421F0092B242;
			productRefGroup = 9F0B5E2A2B3242200092B242 /* Products */;
			projectDirPath = "";
			projectRoot = "";
			targets = (
				9F0B5E282B3242200092B242 /* SetCardGame */,
				9F0B5E392B3242210092B242 /* SetCardGameTests */,
				9F0B5E432B3242210092B242 /* SetCardGameUITests */,
			);
		};
/* End PBXProject section */

/* Begin PBXResourcesBuildPhase section */
		9F0B5E272B3242200092B242 /* Resources */ = {
			isa = PBXResourcesBuildPhase;
			buildActionMask = 2147483647;
			files = (
				9F0B5E352B3242210092B242 /* Preview Assets.xcassets in Resources */,
				9F0B5E312B3242210092B242 /* Assets.xcassets in Resources */,
			);
			runOnlyForDeploymentPostprocessing = 0;
		};
		9F0B5E382B3242210092B242 /* Resources */ = {
			isa = PBXResourcesBuildPhase;
			buildActionMask = 2147483647;
			files = (
			);
			runOnlyForDeploymentPostprocessing = 0;
		};
		9F0B5E422B3242210092B242 /* Resources */ = {
			isa = PBXResourcesBuildPhase;
			buildActionMask = 2147483647;
			files = (
			);
			runOnlyForDeploymentPostprocessing = 0;
		};
/* End PBXResourcesBuildPhase section */

/* Begin PBXSourcesBuildPhase section */
		9F0B5E252B3242200092B242 /* Sources */ = {
			isa = PBXSourcesBuildPhase;
			buildActionMask = 2147483647;
			files = (
				9F0B5E6C2B3627920092B242 /* SquiggleShape.swift in Sources */,
				9F0B5E582B3242920092B242 /* CardGameLogic.swift in Sources */,
				9F0B5E652B35EE4D0092B242 /* SetCardGameApp.swift in Sources */,
				9F0B5E6A2B3621F90092B242 /* DiamondShape.swift in Sources */,
				9F0B5E5E2B34F05B0092B242 /* CardContent.swift in Sources */,
				9F0B5E6E2B3627D80092B242 /* OvalShape.swift in Sources */,
				9F0B5E2F2B3242200092B242 /* ContentView.swift in Sources */,
				9F0B5E672B35F0D00092B242 /* CardView.swift in Sources */,
				9F0B5E5C2B34D87D0092B242 /* SetGameViewModel.swift in Sources */,
			);
			runOnlyForDeploymentPostprocessing = 0;
		};
		9F0B5E362B3242210092B242 /* Sources */ = {
			isa = PBXSourcesBuildPhase;
			buildActionMask = 2147483647;
			files = (
				9F0B5E3F2B3242210092B242 /* SetCardGameTests.swift in Sources */,
			);
			runOnlyForDeploymentPostprocessing = 0;
		};
		9F0B5E402B3242210092B242 /* Sources */ = {
			isa = PBXSourcesBuildPhase;
			buildActionMask = 2147483647;
			files = (
				9F0B5E492B3242210092B242 /* SetCardGameUITests.swift in Sources */,
				9F0B5E4B2B3242210092B242 /* SetCardGameUITestsLaunchTests.swift in Sources */,
			);
			runOnlyForDeploymentPostprocessing = 0;
		};
/* End PBXSourcesBuildPhase section */

/* Begin PBXTargetDependency section */
		9F0B5E3C2B3242210092B242 /* PBXTargetDependency */ = {
			isa = PBXTargetDependency;
			target = 9F0B5E282B3242200092B242 /* SetCardGame */;
			targetProxy = 9F0B5E3B2B3242210092B242 /* PBXContainerItemProxy */;
		};
		9F0B5E462B3242210092B242 /* PBXTargetDependency */ = {
			isa = PBXTargetDependency;
			target = 9F0B5E282B3242200092B242 /* SetCardGame */;
			targetProxy = 9F0B5E452B3242210092B242 /* PBXContainerItemProxy */;
		};
/* End PBXTargetDependency section */

/* Begin XCBuildConfiguration section */
		9F0B5E4C2B3242210092B242 /* Debug */ = {
			isa = XCBuildConfiguration;
			buildSettings = {
				ALWAYS_SEARCH_USER_PATHS = NO;
				ASSETCATALOG_COMPILER_GENERATE_SWIFT_ASSET_SYMBOL_EXTENSIONS = YES;
				CLANG_ANALYZER_NONNULL = YES;
				CLANG_ANALYZER_NUMBER_OBJECT_CONVERSION = YES_AGGRESSIVE;
				CLANG_CXX_LANGUAGE_STANDARD = "gnu++20";
				CLANG_ENABLE_MODULES = YES;
				CLANG_ENABLE_OBJC_ARC = YES;
				CLANG_ENABLE_OBJC_WEAK = YES;
				CLANG_WARN_BLOCK_CAPTURE_AUTORELEASING = YES;
				CLANG_WARN_BOOL_CONVERSION = YES;
				CLANG_WARN_COMMA = YES;
				CLANG_WARN_CONSTANT_CONVERSION = YES;
				CLANG_WARN_DEPRECATED_OBJC_IMPLEMENTATIONS = YES;
				CLANG_WARN_DIRECT_OBJC_ISA_USAGE = YES_ERROR;
				CLANG_WARN_DOCUMENTATION_COMMENTS = YES;
				CLANG_WARN_EMPTY_BODY = YES;
				CLANG_WARN_ENUM_CONVERSION = YES;
				CLANG_WARN_INFINITE_RECURSION = YES;
				CLANG_WARN_INT_CONVERSION = YES;
				CLANG_WARN_NON_LITERAL_NULL_CONVERSION = YES;
				CLANG_WARN_OBJC_IMPLICIT_RETAIN_SELF = YES;
				CLANG_WARN_OBJC_LITERAL_CONVERSION = YES;
				CLANG_WARN_OBJC_ROOT_CLASS = YES_ERROR;
				CLANG_WARN_QUOTED_INCLUDE_IN_FRAMEWORK_HEADER = YES;
				CLANG_WARN_RANGE_LOOP_ANALYSIS = YES;
				CLANG_WARN_STRICT_PROTOTYPES = YES;
				CLANG_WARN_SUSPICIOUS_MOVE = YES;
				CLANG_WARN_UNGUARDED_AVAILABILITY = YES_AGGRESSIVE;
				CLANG_WARN_UNREACHABLE_CODE = YES;
				CLANG_WARN__DUPLICATE_METHOD_MATCH = YES;
				COPY_PHASE_STRIP = NO;
				DEBUG_INFORMATION_FORMAT = dwarf;
				ENABLE_STRICT_OBJC_MSGSEND = YES;
				ENABLE_TESTABILITY = YES;
				ENABLE_USER_SCRIPT_SANDBOXING = YES;
				GCC_C_LANGUAGE_STANDARD = gnu17;
				GCC_DYNAMIC_NO_PIC = NO;
				GCC_NO_COMMON_BLOCKS = YES;
				GCC_OPTIMIZATION_LEVEL = 0;
				GCC_PREPROCESSOR_DEFINITIONS = (
					"DEBUG=1",
					"$(inherited)",
				);
				GCC_WARN_64_TO_32_BIT_CONVERSION = YES;
				GCC_WARN_ABOUT_RETURN_TYPE = YES_ERROR;
				GCC_WARN_UNDECLARED_SELECTOR = YES;
				GCC_WARN_UNINITIALIZED_AUTOS = YES_AGGRESSIVE;
				GCC_WARN_UNUSED_FUNCTION = YES;
				GCC_WARN_UNUSED_VARIABLE = YES;
				LOCALIZATION_PREFERS_STRING_CATALOGS = YES;
				MTL_ENABLE_DEBUG_INFO = INCLUDE_SOURCE;
				MTL_FAST_MATH = YES;
				ONLY_ACTIVE_ARCH = YES;
				SWIFT_ACTIVE_COMPILATION_CONDITIONS = "DEBUG $(inherited)";
				SWIFT_OPTIMIZATION_LEVEL = "-Onone";
			};
			name = Debug;
		};
		9F0B5E4D2B3242210092B242 /* Release */ = {
			isa = XCBuildConfiguration;
			buildSettings = {
				ALWAYS_SEARCH_USER_PATHS = NO;
				ASSETCATALOG_COMPILER_GENERATE_SWIFT_ASSET_SYMBOL_EXTENSIONS = YES;
				CLANG_ANALYZER_NONNULL = YES;
				CLANG_ANALYZER_NUMBER_OBJECT_CONVERSION = YES_AGGRESSIVE;
				CLANG_CXX_LANGUAGE_STANDARD = "gnu++20";
				CLANG_ENABLE_MODULES = YES;
				CLANG_ENABLE_OBJC_ARC = YES;
				CLANG_ENABLE_OBJC_WEAK = YES;
				CLANG_WARN_BLOCK_CAPTURE_AUTORELEASING = YES;
				CLANG_WARN_BOOL_CONVERSION = YES;
				CLANG_WARN_COMMA = YES;
				CLANG_WARN_CONSTANT_CONVERSION = YES;
				CLANG_WARN_DEPRECATED_OBJC_IMPLEMENTATIONS = YES;
				CLANG_WARN_DIRECT_OBJC_ISA_USAGE = YES_ERROR;
				CLANG_WARN_DOCUMENTATION_COMMENTS = YES;
				CLANG_WARN_EMPTY_BODY = YES;
				CLANG_WARN_ENUM_CONVERSION = YES;
				CLANG_WARN_INFINITE_RECURSION = YES;
				CLANG_WARN_INT_CONVERSION = YES;
				CLANG_WARN_NON_LITERAL_NULL_CONVERSION = YES;
				CLANG_WARN_OBJC_IMPLICIT_RETAIN_SELF = YES;
				CLANG_WARN_OBJC_LITERAL_CONVERSION = YES;
				CLANG_WARN_OBJC_ROOT_CLASS = YES_ERROR;
				CLANG_WARN_QUOTED_INCLUDE_IN_FRAMEWORK_HEADER = YES;
				CLANG_WARN_RANGE_LOOP_ANALYSIS = YES;
				CLANG_WARN_STRICT_PROTOTYPES = YES;
				CLANG_WARN_SUSPICIOUS_MOVE = YES;
				CLANG_WARN_UNGUARDED_AVAILABILITY = YES_AGGRESSIVE;
				CLANG_WARN_UNREACHABLE_CODE = YES;
				CLANG_WARN__DUPLICATE_METHOD_MATCH = YES;
				COPY_PHASE_STRIP = NO;
				DEBUG_INFORMATION_FORMAT = "dwarf-with-dsym";
				ENABLE_NS_ASSERTIONS = NO;
				ENABLE_STRICT_OBJC_MSGSEND = YES;
				ENABLE_USER_SCRIPT_SANDBOXING = YES;
				GCC_C_LANGUAGE_STANDARD = gnu17;
				GCC_NO_COMMON_BLOCKS = YES;
				GCC_WARN_64_TO_32_BIT_CONVERSION = YES;
				GCC_WARN_ABOUT_RETURN_TYPE = YES_ERROR;
				GCC_WARN_UNDECLARED_SELECTOR = YES;
				GCC_WARN_UNINITIALIZED_AUTOS = YES_AGGRESSIVE;
				GCC_WARN_UNUSED_FUNCTION = YES;
				GCC_WARN_UNUSED_VARIABLE = YES;
				LOCALIZATION_PREFERS_STRING_CATALOGS = YES;
				MTL_ENABLE_DEBUG_INFO = NO;
				MTL_FAST_MATH = YES;
				SWIFT_COMPILATION_MODE = wholemodule;
			};
			name = Release;
		};
		9F0B5E4F2B3242210092B242 /* Debug */ = {
			isa = XCBuildConfiguration;
			buildSettings = {
				ASSETCATALOG_COMPILER_APPICON_NAME = AppIcon;
				ASSETCATALOG_COMPILER_GLOBAL_ACCENT_COLOR_NAME = AccentColor;
				CODE_SIGN_ENTITLEMENTS = SetCardGame/SetCardGame.entitlements;
				CODE_SIGN_STYLE = Automatic;
				CURRENT_PROJECT_VERSION = 1;
				DEVELOPMENT_ASSET_PATHS = "\"SetCardGame/Preview Content\"";
				ENABLE_PREVIEWS = YES;
				GENERATE_INFOPLIST_FILE = YES;
				"INFOPLIST_KEY_UIApplicationSceneManifest_Generation[sdk=iphoneos*]" = YES;
				"INFOPLIST_KEY_UIApplicationSceneManifest_Generation[sdk=iphonesimulator*]" = YES;
				"INFOPLIST_KEY_UIApplicationSupportsIndirectInputEvents[sdk=iphoneos*]" = YES;
				"INFOPLIST_KEY_UIApplicationSupportsIndirectInputEvents[sdk=iphonesimulator*]" = YES;
				"INFOPLIST_KEY_UILaunchScreen_Generation[sdk=iphoneos*]" = YES;
				"INFOPLIST_KEY_UILaunchScreen_Generation[sdk=iphonesimulator*]" = YES;
				"INFOPLIST_KEY_UIStatusBarStyle[sdk=iphoneos*]" = UIStatusBarStyleDefault;
				"INFOPLIST_KEY_UIStatusBarStyle[sdk=iphonesimulator*]" = UIStatusBarStyleDefault;
				INFOPLIST_KEY_UISupportedInterfaceOrientations_iPad = "UIInterfaceOrientationPortrait UIInterfaceOrientationPortraitUpsideDown UIInterfaceOrientationLandscapeLeft UIInterfaceOrientationLandscapeRight";
				INFOPLIST_KEY_UISupportedInterfaceOrientations_iPhone = "UIInterfaceOrientationPortrait UIInterfaceOrientationLandscapeLeft UIInterfaceOrientationLandscapeRight";
				IPHONEOS_DEPLOYMENT_TARGET = 17.0;
				LD_RUNPATH_SEARCH_PATHS = "@executable_path/Frameworks";
				"LD_RUNPATH_SEARCH_PATHS[sdk=macosx*]" = "@executable_path/../Frameworks";
				MACOSX_DEPLOYMENT_TARGET = 14.0;
				MARKETING_VERSION = 1.0;
				PRODUCT_BUNDLE_IDENTIFIER = wow.SetCardGame;
				PRODUCT_NAME = "$(TARGET_NAME)";
				SDKROOT = auto;
				SUPPORTED_PLATFORMS = "iphoneos iphonesimulator macosx";
				SWIFT_EMIT_LOC_STRINGS = YES;
				SWIFT_VERSION = 5.0;
				TARGETED_DEVICE_FAMILY = "1,2";
			};
			name = Debug;
		};
		9F0B5E502B3242210092B242 /* Release */ = {
			isa = XCBuildConfiguration;
			buildSettings = {
				ASSETCATALOG_COMPILER_APPICON_NAME = AppIcon;
				ASSETCATALOG_COMPILER_GLOBAL_ACCENT_COLOR_NAME = AccentColor;
				CODE_SIGN_ENTITLEMENTS = SetCardGame/SetCardGame.entitlements;
				CODE_SIGN_STYLE = Automatic;
				CURRENT_PROJECT_VERSION = 1;
				DEVELOPMENT_ASSET_PATHS = "\"SetCardGame/Preview Content\"";
				ENABLE_PREVIEWS = YES;
				GENERATE_INFOPLIST_FILE = YES;
				"INFOPLIST_KEY_UIApplicationSceneManifest_Generation[sdk=iphoneos*]" = YES;
				"INFOPLIST_KEY_UIApplicationSceneManifest_Generation[sdk=iphonesimulator*]" = YES;
				"INFOPLIST_KEY_UIApplicationSupportsIndirectInputEvents[sdk=iphoneos*]" = YES;
				"INFOPLIST_KEY_UIApplicationSupportsIndirectInputEvents[sdk=iphonesimulator*]" = YES;
				"INFOPLIST_KEY_UILaunchScreen_Generation[sdk=iphoneos*]" = YES;
				"INFOPLIST_KEY_UILaunchScreen_Generation[sdk=iphonesimulator*]" = YES;
				"INFOPLIST_KEY_UIStatusBarStyle[sdk=iphoneos*]" = UIStatusBarStyleDefault;
				"INFOPLIST_KEY_UIStatusBarStyle[sdk=iphonesimulator*]" = UIStatusBarStyleDefault;
				INFOPLIST_KEY_UISupportedInterfaceOrientations_iPad = "UIInterfaceOrientationPortrait UIInterfaceOrientationPortraitUpsideDown UIInterfaceOrientationLandscapeLeft UIInterfaceOrientationLandscapeRight";
				INFOPLIST_KEY_UISupportedInterfaceOrientations_iPhone = "UIInterfaceOrientationPortrait UIInterfaceOrientationLandscapeLeft UIInterfaceOrientationLandscapeRight";
				IPHONEOS_DEPLOYMENT_TARGET = 17.0;
				LD_RUNPATH_SEARCH_PATHS = "@executable_path/Frameworks";
				"LD_RUNPATH_SEARCH_PATHS[sdk=macosx*]" = "@executable_path/../Frameworks";
				MACOSX_DEPLOYMENT_TARGET = 14.0;
				MARKETING_VERSION = 1.0;
				PRODUCT_BUNDLE_IDENTIFIER = wow.SetCardGame;
				PRODUCT_NAME = "$(TARGET_NAME)";
				SDKROOT = auto;
				SUPPORTED_PLATFORMS = "iphoneos iphonesimulator macosx";
				SWIFT_EMIT_LOC_STRINGS = YES;
				SWIFT_VERSION = 5.0;
				TARGETED_DEVICE_FAMILY = "1,2";
			};
			name = Release;
		};
		9F0B5E522B3242210092B242 /* Debug */ = {
			isa = XCBuildConfiguration;
			buildSettings = {
				ALWAYS_EMBED_SWIFT_STANDARD_LIBRARIES = YES;
				BUNDLE_LOADER = "$(TEST_HOST)";
				CODE_SIGN_STYLE = Automatic;
				CURRENT_PROJECT_VERSION = 1;
				GENERATE_INFOPLIST_FILE = YES;
				IPHONEOS_DEPLOYMENT_TARGET = 17.0;
				MACOSX_DEPLOYMENT_TARGET = 14.0;
				MARKETING_VERSION = 1.0;
				PRODUCT_BUNDLE_IDENTIFIER = wow.SetCardGameTests;
				PRODUCT_NAME = "$(TARGET_NAME)";
				SDKROOT = auto;
				SUPPORTED_PLATFORMS = "iphoneos iphonesimulator macosx";
				SWIFT_EMIT_LOC_STRINGS = NO;
				SWIFT_VERSION = 5.0;
				TARGETED_DEVICE_FAMILY = "1,2";
				TEST_HOST = "$(BUILT_PRODUCTS_DIR)/SetCardGame.app/$(BUNDLE_EXECUTABLE_FOLDER_PATH)/SetCardGame";
			};
			name = Debug;
		};
		9F0B5E532B3242210092B242 /* Release */ = {
			isa = XCBuildConfiguration;
			buildSettings = {
				ALWAYS_EMBED_SWIFT_STANDARD_LIBRARIES = YES;
				BUNDLE_LOADER = "$(TEST_HOST)";
				CODE_SIGN_STYLE = Automatic;
				CURRENT_PROJECT_VERSION = 1;
				GENERATE_INFOPLIST_FILE = YES;
				IPHONEOS_DEPLOYMENT_TARGET = 17.0;
				MACOSX_DEPLOYMENT_TARGET = 14.0;
				MARKETING_VERSION = 1.0;
				PRODUCT_BUNDLE_IDENTIFIER = wow.SetCardGameTests;
				PRODUCT_NAME = "$(TARGET_NAME)";
				SDKROOT = auto;
				SUPPORTED_PLATFORMS = "iphoneos iphonesimulator macosx";
				SWIFT_EMIT_LOC_STRINGS = NO;
				SWIFT_VERSION = 5.0;
				TARGETED_DEVICE_FAMILY = "1,2";
				TEST_HOST = "$(BUILT_PRODUCTS_DIR)/SetCardGame.app/$(BUNDLE_EXECUTABLE_FOLDER_PATH)/SetCardGame";
			};
			name = Release;
		};
		9F0B5E552B3242210092B242 /* Debug */ = {
			isa = XCBuildConfiguration;
			buildSettings = {
				ALWAYS_EMBED_SWIFT_STANDARD_LIBRARIES = YES;
				CODE_SIGN_STYLE = Automatic;
				CURRENT_PROJECT_VERSION = 1;
				GENERATE_INFOPLIST_FILE = YES;
				IPHONEOS_DEPLOYMENT_TARGET = 17.0;
				MACOSX_DEPLOYMENT_TARGET = 14.0;
				MARKETING_VERSION = 1.0;
				PRODUCT_BUNDLE_IDENTIFIER = wow.SetCardGameUITests;
				PRODUCT_NAME = "$(TARGET_NAME)";
				SDKROOT = auto;
				SUPPORTED_PLATFORMS = "iphoneos iphonesimulator macosx";
				SWIFT_EMIT_LOC_STRINGS = NO;
				SWIFT_VERSION = 5.0;
				TARGETED_DEVICE_FAMILY = "1,2";
				TEST_TARGET_NAME = SetCardGame;
			};
			name = Debug;
		};
		9F0B5E562B3242210092B242 /* Release */ = {
			isa = XCBuildConfiguration;
			buildSettings = {
				ALWAYS_EMBED_SWIFT_STANDARD_LIBRARIES = YES;
				CODE_SIGN_STYLE = Automatic;
				CURRENT_PROJECT_VERSION = 1;
				GENERATE_INFOPLIST_FILE = YES;
				IPHONEOS_DEPLOYMENT_TARGET = 17.0;
				MACOSX_DEPLOYMENT_TARGET = 14.0;
				MARKETING_VERSION = 1.0;
				PRODUCT_BUNDLE_IDENTIFIER = wow.SetCardGameUITests;
				PRODUCT_NAME = "$(TARGET_NAME)";
				SDKROOT = auto;
				SUPPORTED_PLATFORMS = "iphoneos iphonesimulator macosx";
				SWIFT_EMIT_LOC_STRINGS = NO;
				SWIFT_VERSION = 5.0;
				TARGETED_DEVICE_FAMILY = "1,2";
				TEST_TARGET_NAME = SetCardGame;
			};
			name = Release;
		};
/* End XCBuildConfiguration section */

/* Begin XCConfigurationList section */
		9F0B5E242B32421F0092B242 /* Build configuration list for PBXProject "SetCardGame" */ = {
			isa = XCConfigurationList;
			buildConfigurations = (
				9F0B5E4C2B3242210092B242 /* Debug */,
				9F0B5E4D2B3242210092B242 /* Release */,
			);
			defaultConfigurationIsVisible = 0;
			defaultConfigurationName = Release;
		};
		9F0B5E4E2B3242210092B242 /* Build configuration list for PBXNativeTarget "SetCardGame" */ = {
			isa = XCConfigurationList;
			buildConfigurations = (
				9F0B5E4F2B3242210092B242 /* Debug */,
				9F0B5E502B3242210092B242 /* Release */,
			);
			defaultConfigurationIsVisible = 0;
			defaultConfigurationName = Release;
		};
		9F0B5E512B3242210092B242 /* Build configuration list for PBXNativeTarget "SetCardGameTests" */ = {
			isa = XCConfigurationList;
			buildConfigurations = (
				9F0B5E522B3242210092B242 /* Debug */,
				9F0B5E532B3242210092B242 /* Release */,
			);
			defaultConfigurationIsVisible = 0;
			defaultConfigurationName = Release;
		};
		9F0B5E542B3242210092B242 /* Build configuration list for PBXNativeTarget "SetCardGameUITests" */ = {
			isa = XCConfigurationList;
			buildConfigurations = (
				9F0B5E552B3242210092B242 /* Debug */,
				9F0B5E562B3242210092B242 /* Release */,
			);
			defaultConfigurationIsVisible = 0;
			defaultConfigurationName = Release;
		};
/* End XCConfigurationList section */
	};
	rootObject = 9F0B5E212B32421F0092B242 /* Project object */;
}
